<?xml version="1.0" encoding="utf-8"?>
<Project ToolsVersion="4.0" xmlns="http://schemas.microsoft.com/developer/msbuild/2003">
  <ItemGroup>
    <Filter Include="Исходные файлы">
      <UniqueIdentifier>{4FC737F1-C7A5-4376-A066-2A32D752A2FF}</UniqueIdentifier>
      <Extensions>cpp;c;cc;cxx;c++;cppm;ixx;def;odl;idl;hpj;bat;asm;asmx</Extensions>
    </Filter>
    <Filter Include="Файлы заголовков">
      <UniqueIdentifier>{93995380-89BD-4b04-88EB-625FBE52EBFB}</UniqueIdentifier>
      <Extensions>h;hh;hpp;hxx;h++;hm;inl;inc;ipp;xsd</Extensions>
    </Filter>
    <Filter Include="Файлы ресурсов">
      <UniqueIdentifier>{67DA6AB6-F800-4c08-8B7A-83BB121AAD01}</UniqueIdentifier>
      <Extensions>rc;ico;cur;bmp;dlg;rc2;rct;bin;rgs;gif;jpg;jpeg;jpe;resx;tiff;tif;png;wav;mfcribbon-ms</Extensions>
    </Filter>
  </ItemGroup>
  <ItemGroup>
    <ClCompile Include="Rabotaem.cpp">
      <Filter>Исходные файлы</Filter>
    </ClCompile>
    <ClCompile Include="..\..\..\..\OneDrive\Рабочий стол\12. Стандартная библиотека С++\1. Итераторы\Пример 1. Сравнения указателя и итератора.cpp">
      <Filter>Исходные файлы</Filter>
    </ClCompile>
    <ClCompile Include="..\..\..\..\OneDrive\Рабочий стол\12. Стандартная библиотека С++\1. Итераторы\Пример 2. Итератор произвольного доступа.cpp">
      <Filter>Исходные файлы</Filter>
    </ClCompile>
    <ClCompile Include="..\..\..\..\OneDrive\Рабочий стол\12. Стандартная библиотека С++\1. Итераторы\Пример 3. Двунаправленный итератор.cpp">
      <Filter>Исходные файлы</Filter>
    </ClCompile>
    <ClCompile Include="..\..\..\..\OneDrive\Рабочий стол\12. Стандартная библиотека С++\1. Итераторы\Пример 4. Использование функции advance().cpp">
      <Filter>Исходные файлы</Filter>
    </ClCompile>
    <ClCompile Include="..\..\..\..\OneDrive\Рабочий стол\12. Стандартная библиотека С++\1. Итераторы\Пример 5. Использование функции distance().cpp">
      <Filter>Исходные файлы</Filter>
    </ClCompile>
    <ClCompile Include="..\..\..\..\OneDrive\Рабочий стол\12. Стандартная библиотека С++\1. Итераторы\Пример 6. Вывод элементов списка с помощью прямого и обратного итераторов.cpp">
      <Filter>Исходные файлы</Filter>
    </ClCompile>
    <ClCompile Include="..\..\..\..\OneDrive\Рабочий стол\12. Стандартная библиотека С++\1. Итераторы\Пример 7. Использование итератора вставки в конец контейнера.cpp">
      <Filter>Исходные файлы</Filter>
    </ClCompile>
    <ClCompile Include="..\..\..\..\OneDrive\Рабочий стол\12. Стандартная библиотека С++\1. Итераторы\Пример 8. Использование итератора вставки в начало.cpp">
      <Filter>Исходные файлы</Filter>
    </ClCompile>
    <ClCompile Include="..\..\..\..\OneDrive\Рабочий стол\12. Стандартная библиотека С++\1. Итераторы\Пример 9. Использование итератора вставки в произвольную позицию.cpp">
      <Filter>Исходные файлы</Filter>
    </ClCompile>
    <ClCompile Include="..\..\..\..\OneDrive\Рабочий стол\12. Стандартная библиотека С++\1. Итераторы\Пример 10. Использование потокового итератора вывода для вывода данных на экран.cpp">
      <Filter>Исходные файлы</Filter>
    </ClCompile>
    <ClCompile Include="..\..\..\..\OneDrive\Рабочий стол\12. Стандартная библиотека С++\1. Итераторы\Пример 11. Использование потокового итератора ввода для ввода данных с клавиатуры.cpp">
      <Filter>Исходные файлы</Filter>
    </ClCompile>
  </ItemGroup>
</Project>